PODS:
  - device_info_plus (0.0.1):
    - FlutterMacOS
  - FlutterMacOS (1.0.0)
  - package_info_plus (0.0.1):
    - FlutterMacOS
  - passkeys_darwin (0.0.1):
    - Flutter
    - FlutterMacOS
  - shared_preferences_foundation (0.0.1):
    - Flutter
    - FlutterMacOS
  - ua_client_hints (1.7.0):
    - FlutterMacOS

DEPENDENCIES:
  - device_info_plus (from `Flutter/ephemeral/.symlinks/plugins/device_info_plus/macos`)
  - FlutterMacOS (from `Flutter/ephemeral`)
  - package_info_plus (from `Flutter/ephemeral/.symlinks/plugins/package_info_plus/macos`)
  - passkeys_darwin (from `Flutter/ephemeral/.symlinks/plugins/passkeys_darwin/darwin`)
  - shared_preferences_foundation (from `Flutter/ephemeral/.symlinks/plugins/shared_preferences_foundation/darwin`)
  - ua_client_hints (from `Flutter/ephemeral/.symlinks/plugins/ua_client_hints/macos`)

EXTERNAL SOURCES:
  device_info_plus:
    :path: Flutter/ephemeral/.symlinks/plugins/device_info_plus/macos
  FlutterMacOS:
    :path: Flutter/ephemeral
  package_info_plus:
    :path: Flutter/ephemeral/.symlinks/plugins/package_info_plus/macos
  passkeys_darwin:
    :path: Flutter/ephemeral/.symlinks/plugins/passkeys_darwin/darwin
  shared_preferences_foundation:
    :path: Flutter/ephemeral/.symlinks/plugins/shared_preferences_foundation/darwin
  ua_client_hints:
    :path: Flutter/ephemeral/.symlinks/plugins/ua_client_hints/macos

SPEC CHECKSUMS:
  device_info_plus: 4fb280989f669696856f8b129e4a5e3cd6c48f76
  FlutterMacOS: d0db08ddef1a9af05a5ec4b724367152bb0500b1
  package_info_plus: f0052d280d17aa382b932f399edf32507174e870
  passkeys_darwin: 395f63bb4dbfe81344ada36400c391e86fc395ea
  shared_preferences_foundation: 7036424c3d8ec98dfe75ff1667cb0cd531ec82bb
  ua_client_hints: bb84da85d9d5d605d40598b3c1ae3bfd2598e201

PODFILE CHECKSUM: e46a09c1db887f9c9e61eb392a79fbd5b8836f4b

COCOAPODS: 1.16.2
